// !$*UTF8*$!
{
	archiveVersion = 1;
	classes = {
	};
	objectVersion = 56;
	objects = {

/* Begin PBXBuildFile section */
		F5B4096829A4AF62001B59A4 /* AppDelegate.swift in Sources */ = {isa = PBXBuildFile; fileRef = F5B4096729A4AF62001B59A4 /* AppDelegate.swift */; };
		F5B4096A29A4AF62001B59A4 /* SceneDelegate.swift in Sources */ = {isa = PBXBuildFile; fileRef = F5B4096929A4AF62001B59A4 /* SceneDelegate.swift */; };
		F5B4096C29A4AF62001B59A4 /* MainVC.swift in Sources */ = {isa = PBXBuildFile; fileRef = F5B4096B29A4AF62001B59A4 /* MainVC.swift */; };
		F5B4097129A4AF65001B59A4 /* Assets.xcassets in Resources */ = {isa = PBXBuildFile; fileRef = F5B4097029A4AF65001B59A4 /* Assets.xcassets */; };
		F5B4097429A4AF65001B59A4 /* LaunchScreen.storyboard in Resources */ = {isa = PBXBuildFile; fileRef = F5B4097229A4AF65001B59A4 /* LaunchScreen.storyboard */; };
		F5B4098029A50BF8001B59A4 /* SkeletonLoadable.swift in Sources */ = {isa = PBXBuildFile; fileRef = F5B4097F29A50BF8001B59A4 /* SkeletonLoadable.swift */; };
		F5B4098329A50C3F001B59A4 /* UIColor+Extension.swift in Sources */ = {isa = PBXBuildFile; fileRef = F5B4098229A50C3F001B59A4 /* UIColor+Extension.swift */; };
/* End PBXBuildFile section */

/* Begin PBXFileReference section */
		F5B4096429A4AF62001B59A4 /* ShimmerFun-SkeletonTest.app */ = {isa = PBXFileReference; explicitFileType = wrapper.application; includeInIndex = 0; path = "ShimmerFun-SkeletonTest.app"; sourceTree = BUILT_PRODUCTS_DIR; };
		F5B4096729A4AF62001B59A4 /* AppDelegate.swift */ = {isa = PBXFileReference; lastKnownFileType = sourcecode.swift; path = AppDelegate.swift; sourceTree = "<group>"; };
		F5B4096929A4AF62001B59A4 /* SceneDelegate.swift */ = {isa = PBXFileReference; lastKnownFileType = sourcecode.swift; path = SceneDelegate.swift; sourceTree = "<group>"; };
		F5B4096B29A4AF62001B59A4 /* MainVC.swift */ = {isa = PBXFileReference; lastKnownFileType = sourcecode.swift; path = MainVC.swift; sourceTree = "<group>"; };
		F5B4097029A4AF65001B59A4 /* Assets.xcassets */ = {isa = PBXFileReference; lastKnownFileType = folder.assetcatalog; path = Assets.xcassets; sourceTree = "<group>"; };
		F5B4097329A4AF65001B59A4 /* Base */ = {isa = PBXFileReference; lastKnownFileType = file.storyboard; name = Base; path = Base.lproj/LaunchScreen.storyboard; sourceTree = "<group>"; };
		F5B4097529A4AF65001B59A4 /* Info.plist */ = {isa = PBXFileReference; lastKnownFileType = text.plist.xml; path = Info.plist; sourceTree = "<group>"; };
		F5B4097F29A50BF8001B59A4 /* SkeletonLoadable.swift */ = {isa = PBXFileReference; lastKnownFileType = sourcecode.swift; path = SkeletonLoadable.swift; sourceTree = "<group>"; };
		F5B4098229A50C3F001B59A4 /* UIColor+Extension.swift */ = {isa = PBXFileReference; lastKnownFileType = sourcecode.swift; path = "UIColor+Extension.swift"; sourceTree = "<group>"; };
/* End PBXFileReference section */

/* Begin PBXFrameworksBuildPhase section */
		F5B4096129A4AF62001B59A4 /* Frameworks */ = {
			isa = PBXFrameworksBuildPhase;
			buildActionMask = 2147483647;
			files = (
			);
			runOnlyForDeploymentPostprocessing = 0;
		};
/* End PBXFrameworksBuildPhase section */

/* Begin PBXGroup section */
		F5B4095B29A4AF62001B59A4 = {
			isa = PBXGroup;
			children = (
				F5B4096629A4AF62001B59A4 /* ShimmerFun-SkeletonTest */,
				F5B4096529A4AF62001B59A4 /* Products */,
			);
			sourceTree = "<group>";
		};
		F5B4096529A4AF62001B59A4 /* Products */ = {
			isa = PBXGroup;
			children = (
				F5B4096429A4AF62001B59A4 /* ShimmerFun-SkeletonTest.app */,
			);
			name = Products;
			sourceTree = "<group>";
		};
		F5B4096629A4AF62001B59A4 /* ShimmerFun-SkeletonTest */ = {
			isa = PBXGroup;
			children = (
				F5B4098129A50C25001B59A4 /* Extensions */,
				F5B4097B29A4F955001B59A4 /* Resources */,
				F5B4097C29A4F97F001B59A4 /* Scene */,
			);
			path = "ShimmerFun-SkeletonTest";
			sourceTree = "<group>";
		};
		F5B4097B29A4F955001B59A4 /* Resources */ = {
			isa = PBXGroup;
			children = (
				F5B4097029A4AF65001B59A4 /* Assets.xcassets */,
				F5B4097229A4AF65001B59A4 /* LaunchScreen.storyboard */,
				F5B4096729A4AF62001B59A4 /* AppDelegate.swift */,
				F5B4096929A4AF62001B59A4 /* SceneDelegate.swift */,
				F5B4097529A4AF65001B59A4 /* Info.plist */,
			);
			path = Resources;
			sourceTree = "<group>";
		};
		F5B4097C29A4F97F001B59A4 /* Scene */ = {
			isa = PBXGroup;
			children = (
				F5B4097E29A50BED001B59A4 /* Core */,
				F5B4097D29A4F986001B59A4 /* Controllers */,
			);
			path = Scene;
			sourceTree = "<group>";
		};
		F5B4097D29A4F986001B59A4 /* Controllers */ = {
			isa = PBXGroup;
			children = (
				F5B4096B29A4AF62001B59A4 /* MainVC.swift */,
			);
			path = Controllers;
			sourceTree = "<group>";
		};
		F5B4097E29A50BED001B59A4 /* Core */ = {
			isa = PBXGroup;
			children = (
				F5B4097F29A50BF8001B59A4 /* SkeletonLoadable.swift */,
			);
			path = Core;
			sourceTree = "<group>";
		};
		F5B4098129A50C25001B59A4 /* Extensions */ = {
			isa = PBXGroup;
			children = (
				F5B4098229A50C3F001B59A4 /* UIColor+Extension.swift */,
			);
			path = Extensions;
			sourceTree = "<group>";
		};
/* End PBXGroup section */

/* Begin PBXNativeTarget section */
		F5B4096329A4AF62001B59A4 /* ShimmerFun-SkeletonTest */ = {
			isa = PBXNativeTarget;
			buildConfigurationList = F5B4097829A4AF65001B59A4 /* Build configuration list for PBXNativeTarget "ShimmerFun-SkeletonTest" */;
			buildPhases = (
				F5B4096029A4AF62001B59A4 /* Sources */,
				F5B4096129A4AF62001B59A4 /* Frameworks */,
				F5B4096229A4AF62001B59A4 /* Resources */,
			);
			buildRules = (
			);
			dependencies = (
			);
			name = "ShimmerFun-SkeletonTest";
			productName = "ShimmerFun-SkeletonTest";
			productReference = F5B4096429A4AF62001B59A4 /* ShimmerFun-SkeletonTest.app */;
			productType = "com.apple.product-type.application";
		};
/* End PBXNativeTarget section */

/* Begin PBXProject section */
		F5B4095C29A4AF62001B59A4 /* Project object */ = {
			isa = PBXProject;
			attributes = {
				BuildIndependentTargetsInParallel = 1;
				LastSwiftUpdateCheck = 1420;
				LastUpgradeCheck = 1420;
				TargetAttributes = {
					F5B4096329A4AF62001B59A4 = {
						CreatedOnToolsVersion = 14.2;
					};
				};
			};
			buildConfigurationList = F5B4095F29A4AF62001B59A4 /* Build configuration list for PBXProject "ShimmerFun-SkeletonTest" */;
			compatibilityVersion = "Xcode 14.0";
			developmentRegion = en;
			hasScannedForEncodings = 0;
			knownRegions = (
				en,
				Base,
			);
			mainGroup = F5B4095B29A4AF62001B59A4;
			productRefGroup = F5B4096529A4AF62001B59A4 /* Products */;
			projectDirPath = "";
			projectRoot = "";
			targets = (
				F5B4096329A4AF62001B59A4 /* ShimmerFun-SkeletonTest */,
			);
		};
/* End PBXProject section */

/* Begin PBXResourcesBuildPhase section */
		F5B4096229A4AF62001B59A4 /* Resources */ = {
			isa = PBXResourcesBuildPhase;
			buildActionMask = 2147483647;
			files = (
				F5B4097429A4AF65001B59A4 /* LaunchScreen.storyboard in Resources */,
				F5B4097129A4AF65001B59A4 /* Assets.xcassets in Resources */,
			);
			runOnlyForDeploymentPostprocessing = 0;
		};
/* End PBXResourcesBuildPhase section */

/* Begin PBXSourcesBuildPhase section */
		F5B4096029A4AF62001B59A4 /* Sources */ = {
			isa = PBXSourcesBuildPhase;
			buildActionMask = 2147483647;
			files = (
				F5B4096C29A4AF62001B59A4 /* MainVC.swift in Sources */,
				F5B4096829A4AF62001B59A4 /* AppDelegate.swift in Sources */,
				F5B4098029A50BF8001B59A4 /* SkeletonLoadable.swift in Sources */,
				F5B4096A29A4AF62001B59A4 /* SceneDelegate.swift in Sources */,
				F5B4098329A50C3F001B59A4 /* UIColor+Extension.swift in Sources */,
			);
			runOnlyForDeploymentPostprocessing = 0;
		};
/* End PBXSourcesBuildPhase section */

/* Begin PBXVariantGroup section */
		F5B4097229A4AF65001B59A4 /* LaunchScreen.storyboard */ = {
			isa = PBXVariantGroup;
			children = (
				F5B4097329A4AF65001B59A4 /* Base */,
			);
			name = LaunchScreen.storyboard;
			sourceTree = "<group>";
		};
/* End PBXVariantGroup section */

/* Begin XCBuildConfiguration section */
		F5B4097629A4AF65001B59A4 /* Debug */ = {
			isa = XCBuildConfiguration;
			buildSettings = {
				ALWAYS_SEARCH_USER_PATHS = NO;
				CLANG_ANALYZER_NONNULL = YES;
				CLANG_ANALYZER_NUMBER_OBJECT_CONVERSION = YES_AGGRESSIVE;
				CLANG_CXX_LANGUAGE_STANDARD = "gnu++20";
				CLANG_ENABLE_MODULES = YES;
				CLANG_ENABLE_OBJC_ARC = YES;
				CLANG_ENABLE_OBJC_WEAK = YES;
				CLANG_WARN_BLOCK_CAPTURE_AUTORELEASING = YES;
				CLANG_WARN_BOOL_CONVERSION = YES;
				CLANG_WARN_COMMA = YES;
				CLANG_WARN_CONSTANT_CONVERSION = YES;
				CLANG_WARN_DEPRECATED_OBJC_IMPLEMENTATIONS = YES;
				CLANG_WARN_DIRECT_OBJC_ISA_USAGE = YES_ERROR;
				CLANG_WARN_DOCUMENTATION_COMMENTS = YES;
				CLANG_WARN_EMPTY_BODY = YES;
				CLANG_WARN_ENUM_CONVERSION = YES;
				CLANG_WARN_INFINITE_RECURSION = YES;
				CLANG_WARN_INT_CONVERSION = YES;
				CLANG_WARN_NON_LITERAL_NULL_CONVERSION = YES;
				CLANG_WARN_OBJC_IMPLICIT_RETAIN_SELF = YES;
				CLANG_WARN_OBJC_LITERAL_CONVERSION = YES;
				CLANG_WARN_OBJC_ROOT_CLASS = YES_ERROR;
				CLANG_WARN_QUOTED_INCLUDE_IN_FRAMEWORK_HEADER = YES;
				CLANG_WARN_RANGE_LOOP_ANALYSIS = YES;
				CLANG_WARN_STRICT_PROTOTYPES = YES;
				CLANG_WARN_SUSPICIOUS_MOVE = YES;
				CLANG_WARN_UNGUARDED_AVAILABILITY = YES_AGGRESSIVE;
				CLANG_WARN_UNREACHABLE_CODE = YES;
				CLANG_WARN__DUPLICATE_METHOD_MATCH = YES;
				COPY_PHASE_STRIP = NO;
				DEBUG_INFORMATION_FORMAT = dwarf;
				ENABLE_STRICT_OBJC_MSGSEND = YES;
				ENABLE_TESTABILITY = YES;
				GCC_C_LANGUAGE_STANDARD = gnu11;
				GCC_DYNAMIC_NO_PIC = NO;
				GCC_NO_COMMON_BLOCKS = YES;
				GCC_OPTIMIZATION_LEVEL = 0;
				GCC_PREPROCESSOR_DEFINITIONS = (
					"DEBUG=1",
					"$(inherited)",
				);
				GCC_WARN_64_TO_32_BIT_CONVERSION = YES;
				GCC_WARN_ABOUT_RETURN_TYPE = YES_ERROR;
				GCC_WARN_UNDECLARED_SELECTOR = YES;
				GCC_WARN_UNINITIALIZED_AUTOS = YES_AGGRESSIVE;
				GCC_WARN_UNUSED_FUNCTION = YES;
				GCC_WARN_UNUSED_VARIABLE = YES;
				IPHONEOS_DEPLOYMENT_TARGET = 16.2;
				MTL_ENABLE_DEBUG_INFO = INCLUDE_SOURCE;
				MTL_FAST_MATH = YES;
				ONLY_ACTIVE_ARCH = YES;
				SDKROOT = iphoneos;
				SWIFT_ACTIVE_COMPILATION_CONDITIONS = DEBUG;
				SWIFT_OPTIMIZATION_LEVEL = "-Onone";
			};
			name = Debug;
		};
		F5B4097729A4AF65001B59A4 /* Release */ = {
			isa = XCBuildConfiguration;
			buildSettings = {
				ALWAYS_SEARCH_USER_PATHS = NO;
				CLANG_ANALYZER_NONNULL = YES;
				CLANG_ANALYZER_NUMBER_OBJECT_CONVERSION = YES_AGGRESSIVE;
				CLANG_CXX_LANGUAGE_STANDARD = "gnu++20";
				CLANG_ENABLE_MODULES = YES;
				CLANG_ENABLE_OBJC_ARC = YES;
				CLANG_ENABLE_OBJC_WEAK = YES;
				CLANG_WARN_BLOCK_CAPTURE_AUTORELEASING = YES;
				CLANG_WARN_BOOL_CONVERSION = YES;
				CLANG_WARN_COMMA = YES;
				CLANG_WARN_CONSTANT_CONVERSION = YES;
				CLANG_WARN_DEPRECATED_OBJC_IMPLEMENTATIONS = YES;
				CLANG_WARN_DIRECT_OBJC_ISA_USAGE = YES_ERROR;
				CLANG_WARN_DOCUMENTATION_COMMENTS = YES;
				CLANG_WARN_EMPTY_BODY = YES;
				CLANG_WARN_ENUM_CONVERSION = YES;
				CLANG_WARN_INFINITE_RECURSION = YES;
				CLANG_WARN_INT_CONVERSION = YES;
				CLANG_WARN_NON_LITERAL_NULL_CONVERSION = YES;
				CLANG_WARN_OBJC_IMPLICIT_RETAIN_SELF = YES;
				CLANG_WARN_OBJC_LITERAL_CONVERSION = YES;
				CLANG_WARN_OBJC_ROOT_CLASS = YES_ERROR;
				CLANG_WARN_QUOTED_INCLUDE_IN_FRAMEWORK_HEADER = YES;
				CLANG_WARN_RANGE_LOOP_ANALYSIS = YES;
				CLANG_WARN_STRICT_PROTOTYPES = YES;
				CLANG_WARN_SUSPICIOUS_MOVE = YES;
				CLANG_WARN_UNGUARDED_AVAILABILITY = YES_AGGRESSIVE;
				CLANG_WARN_UNREACHABLE_CODE = YES;
				CLANG_WARN__DUPLICATE_METHOD_MATCH = YES;
				COPY_PHASE_STRIP = NO;
				DEBUG_INFORMATION_FORMAT = "dwarf-with-dsym";
				ENABLE_NS_ASSERTIONS = NO;
				ENABLE_STRICT_OBJC_MSGSEND = YES;
				GCC_C_LANGUAGE_STANDARD = gnu11;
				GCC_NO_COMMON_BLOCKS = YES;
				GCC_WARN_64_TO_32_BIT_CONVERSION = YES;
				GCC_WARN_ABOUT_RETURN_TYPE = YES_ERROR;
				GCC_WARN_UNDECLARED_SELECTOR = YES;
				GCC_WARN_UNINITIALIZED_AUTOS = YES_AGGRESSIVE;
				GCC_WARN_UNUSED_FUNCTION = YES;
				GCC_WARN_UNUSED_VARIABLE = YES;
				IPHONEOS_DEPLOYMENT_TARGET = 16.2;
				MTL_ENABLE_DEBUG_INFO = NO;
				MTL_FAST_MATH = YES;
				SDKROOT = iphoneos;
				SWIFT_COMPILATION_MODE = wholemodule;
				SWIFT_OPTIMIZATION_LEVEL = "-O";
				VALIDATE_PRODUCT = YES;
			};
			name = Release;
		};
		F5B4097929A4AF65001B59A4 /* Debug */ = {
			isa = XCBuildConfiguration;
			buildSettings = {
				ASSETCATALOG_COMPILER_APPICON_NAME = AppIcon;
				ASSETCATALOG_COMPILER_GLOBAL_ACCENT_COLOR_NAME = AccentColor;
				CODE_SIGN_STYLE = Automatic;
				CURRENT_PROJECT_VERSION = 1;
				GENERATE_INFOPLIST_FILE = YES;
				INFOPLIST_FILE = "ShimmerFun-SkeletonTest/Resources/Info.plist";
				INFOPLIST_KEY_UIApplicationSupportsIndirectInputEvents = YES;
				INFOPLIST_KEY_UILaunchStoryboardName = LaunchScreen;
				INFOPLIST_KEY_UIMainStoryboardFile = "";
				INFOPLIST_KEY_UISupportedInterfaceOrientations_iPad = "UIInterfaceOrientationPortrait UIInterfaceOrientationPortraitUpsideDown UIInterfaceOrientationLandscapeLeft UIInterfaceOrientationLandscapeRight";
				INFOPLIST_KEY_UISupportedInterfaceOrientations_iPhone = "UIInterfaceOrientationPortrait UIInterfaceOrientationLandscapeLeft UIInterfaceOrientationLandscapeRight";
				LD_RUNPATH_SEARCH_PATHS = (
					"$(inherited)",
					"@executable_path/Frameworks",
				);
				MARKETING_VERSION = 1.0;
				PRODUCT_BUNDLE_IDENTIFIER = "emrekocak.ShimmerFun-SkeletonTest";
				PRODUCT_NAME = "$(TARGET_NAME)";
				SWIFT_EMIT_LOC_STRINGS = YES;
				SWIFT_VERSION = 5.0;
				TARGETED_DEVICE_FAMILY = "1,2";
			};
			name = Debug;
		};
		F5B4097A29A4AF65001B59A4 /* Release */ = {
			isa = XCBuildConfiguration;
			buildSettings = {
				ASSETCATALOG_COMPILER_APPICON_NAME = AppIcon;
				ASSETCATALOG_COMPILER_GLOBAL_ACCENT_COLOR_NAME = AccentColor;
				CODE_SIGN_STYLE = Automatic;
				CURRENT_PROJECT_VERSION = 1;
				GENERATE_INFOPLIST_FILE = YES;
				INFOPLIST_FILE = "ShimmerFun-SkeletonTest/Resources/Info.plist";
				INFOPLIST_KEY_UIApplicationSupportsIndirectInputEvents = YES;
				INFOPLIST_KEY_UILaunchStoryboardName = LaunchScreen;
				INFOPLIST_KEY_UIMainStoryboardFile = "";
				INFOPLIST_KEY_UISupportedInterfaceOrientations_iPad = "UIInterfaceOrientationPortrait UIInterfaceOrientationPortraitUpsideDown UIInterfaceOrientationLandscapeLeft UIInterfaceOrientationLandscapeRight";
				INFOPLIST_KEY_UISupportedInterfaceOrientations_iPhone = "UIInterfaceOrientationPortrait UIInterfaceOrientationLandscapeLeft UIInterfaceOrientationLandscapeRight";
				LD_RUNPATH_SEARCH_PATHS = (
					"$(inherited)",
					"@executable_path/Frameworks",
				);
				MARKETING_VERSION = 1.0;
				PRODUCT_BUNDLE_IDENTIFIER = "emrekocak.ShimmerFun-SkeletonTest";
				PRODUCT_NAME = "$(TARGET_NAME)";
				SWIFT_EMIT_LOC_STRINGS = YES;
				SWIFT_VERSION = 5.0;
				TARGETED_DEVICE_FAMILY = "1,2";
			};
			name = Release;
		};
/* End XCBuildConfiguration section */

/* Begin XCConfigurationList section */
		F5B4095F29A4AF62001B59A4 /* Build configuration list for PBXProject "ShimmerFun-SkeletonTest" */ = {
			isa = XCConfigurationList;
			buildConfigurations = (
				F5B4097629A4AF65001B59A4 /* Debug */,
				F5B4097729A4AF65001B59A4 /* Release */,
			);
			defaultConfigurationIsVisible = 0;
			defaultConfigurationName = Release;
		};
		F5B4097829A4AF65001B59A4 /* Build configuration list for PBXNativeTarget "ShimmerFun-SkeletonTest" */ = {
			isa = XCConfigurationList;
			buildConfigurations = (
				F5B4097929A4AF65001B59A4 /* Debug */,
				F5B4097A29A4AF65001B59A4 /* Release */,
			);
			defaultConfigurationIsVisible = 0;
			defaultConfigurationName = Release;
		};
/* End XCConfigurationList section */
	};
	rootObject = F5B4095C29A4AF62001B59A4 /* Project object */;
}
